
Microsoft Visual Studio Solution File, Format Version 12.00
# Visual Studio Version 17
VisualStudioVersion = 17.3.32929.385
MinimumVisualStudioVersion = 10.0.40219.1
Project("{FAE04EC0-301F-11D3-BF4B-00C04F79EFBC}") = "SignalRChat", "SignalRChat\SignalRChat.csproj", "{BF3DE1EB-D47F-4660-8270-2EC3B395DE90}"
EndProject
Global
	GlobalSection(SolutionConfigurationPlatforms) = preSolution
		Debug|Any CPU = Debug|Any CPU
		Release|Any CPU = Release|Any CPU
	EndGlobalSection
	GlobalSection(ProjectConfigurationPlatforms) = postSolution
		{BF3DE1EB-D47F-4660-8270-2EC3B395DE90}.Debug|Any CPU.ActiveCfg = Debug|Any CPU
		{BF3DE1EB-D47F-4660-8270-2EC3B395DE90}.Debug|Any CPU.Build.0 = Debug|Any CPU
		{BF3DE1EB-D47F-4660-8270-2EC3B395DE90}.Release|Any CPU.ActiveCfg = Release|Any CPU
		{BF3DE1EB-D47F-4660-8270-2EC3B395DE90}.Release|Any CPU.Build.0 = Release|Any CPU
	EndGlobalSection
	GlobalSection(SolutionProperties) = preSolution
		HideSolutionNode = FALSE
	EndGlobalSection
	GlobalSection(ExtensibilityGlobals) = postSolution
		SolutionGuid = {2416DA38-C7A5-4CBE-93A9-EFAC7AAF29C3}
	EndGlobalSection
EndGlobal
